
Microsoft Visual Studio Solution File, Format Version 12.00
# Visual Studio 14
VisualStudioVersion = 14.0.25123.0
MinimumVisualStudioVersion = 10.0.40219.1
Project("{FAE04EC0-301F-11D3-BF4B-00C04F79EFBC}") = "GameMall_Front", "GameMall_Front\GameMall_Front.csproj", "{03063D9F-5A11-4FCF-87D3-E3FDE1C397B5}"
EndProject
Project("{FAE04EC0-301F-11D3-BF4B-00C04F79EFBC}") = "GameMall_Data", "GameMall_Data\GameMall_Data.csproj", "{A6A2A15C-0961-4FD0-AFE5-E4A92EACCF99}"
EndProject
Project("{FAE04EC0-301F-11D3-BF4B-00C04F79EFBC}") = "GameMall_Back", "GameMall_Back\GameMall_Back.csproj", "{95E7C971-507C-4A52-BE7C-D1A850280E0E}"
EndProject
Global
	GlobalSection(SolutionConfigurationPlatforms) = preSolution
		Debug|Any CPU = Debug|Any CPU
		Release|Any CPU = Release|Any CPU
	EndGlobalSection
	GlobalSection(ProjectConfigurationPlatforms) = postSolution
		{03063D9F-5A11-4FCF-87D3-E3FDE1C397B5}.Debug|Any CPU.ActiveCfg = Debug|Any CPU
		{03063D9F-5A11-4FCF-87D3-E3FDE1C397B5}.Debug|Any CPU.Build.0 = Debug|Any CPU
		{03063D9F-5A11-4FCF-87D3-E3FDE1C397B5}.Release|Any CPU.ActiveCfg = Release|Any CPU
		{03063D9F-5A11-4FCF-87D3-E3FDE1C397B5}.Release|Any CPU.Build.0 = Release|Any CPU
		{A6A2A15C-0961-4FD0-AFE5-E4A92EACCF99}.Debug|Any CPU.ActiveCfg = Debug|Any CPU
		{A6A2A15C-0961-4FD0-AFE5-E4A92EACCF99}.Debug|Any CPU.Build.0 = Debug|Any CPU
		{A6A2A15C-0961-4FD0-AFE5-E4A92EACCF99}.Release|Any CPU.ActiveCfg = Release|Any CPU
		{A6A2A15C-0961-4FD0-AFE5-E4A92EACCF99}.Release|Any CPU.Build.0 = Release|Any CPU
		{95E7C971-507C-4A52-BE7C-D1A850280E0E}.Debug|Any CPU.ActiveCfg = Debug|Any CPU
		{95E7C971-507C-4A52-BE7C-D1A850280E0E}.Debug|Any CPU.Build.0 = Debug|Any CPU
		{95E7C971-507C-4A52-BE7C-D1A850280E0E}.Release|Any CPU.ActiveCfg = Release|Any CPU
		{95E7C971-507C-4A52-BE7C-D1A850280E0E}.Release|Any CPU.Build.0 = Release|Any CPU
	EndGlobalSection
	GlobalSection(SolutionProperties) = preSolution
		HideSolutionNode = FALSE
	EndGlobalSection
EndGlobal
